// !$*UTF8*$!
{
	archiveVersion = 1;
	classes = {
	};
	objectVersion = 56;
	objects = {

/* Begin PBXBuildFile section */
		308FC7802B5A2C4A0001940C /* UIColor+Compatibility.swift in Sources */ = {isa = PBXBuildFile; fileRef = 308FC77F2B5A2C4A0001940C /* UIColor+Compatibility.swift */; };
		30B1F6A42B5B404F00ABFE13 /* RichTextLabelExampleApp.swift in Sources */ = {isa = PBXBuildFile; fileRef = 30B1F6A32B5B404F00ABFE13 /* RichTextLabelExampleApp.swift */; };
		30B1F6A62B5B404F00ABFE13 /* ContentView.swift in Sources */ = {isa = PBXBuildFile; fileRef = 30B1F6A52B5B404F00ABFE13 /* ContentView.swift */; };
		30B1F6B22B5B474D00ABFE13 /* RichTextLabel in Frameworks */ = {isa = PBXBuildFile; productRef = 30B1F6B12B5B474D00ABFE13 /* RichTextLabel */; };
		30CAF2D72B55F0AB00296DD4 /* AppDelegate.swift in Sources */ = {isa = PBXBuildFile; fileRef = 30CAF2D62B55F0AB00296DD4 /* AppDelegate.swift */; };
		30CAF2D92B55F0AB00296DD4 /* SceneDelegate.swift in Sources */ = {isa = PBXBuildFile; fileRef = 30CAF2D82B55F0AB00296DD4 /* SceneDelegate.swift */; };
		30CAF2DB2B55F0AB00296DD4 /* ViewController.swift in Sources */ = {isa = PBXBuildFile; fileRef = 30CAF2DA2B55F0AB00296DD4 /* ViewController.swift */; };
		30CAF2E32B55F0AB00296DD4 /* LaunchScreen.storyboard in Resources */ = {isa = PBXBuildFile; fileRef = 30CAF2E12B55F0AB00296DD4 /* LaunchScreen.storyboard */; };
		30CBD1E22B5B304200F6729B /* RichTextLabel in Frameworks */ = {isa = PBXBuildFile; productRef = 30CBD1E12B5B304200F6729B /* RichTextLabel */; };
/* End PBXBuildFile section */

/* Begin PBXFileReference section */
		308FC77F2B5A2C4A0001940C /* UIColor+Compatibility.swift */ = {isa = PBXFileReference; lastKnownFileType = sourcecode.swift; path = "UIColor+Compatibility.swift"; sourceTree = "<group>"; };
		30B1F6A12B5B404F00ABFE13 /* RichTextLabelExample.app */ = {isa = PBXFileReference; explicitFileType = wrapper.application; includeInIndex = 0; path = RichTextLabelExample.app; sourceTree = BUILT_PRODUCTS_DIR; };
		30B1F6A32B5B404F00ABFE13 /* RichTextLabelExampleApp.swift */ = {isa = PBXFileReference; lastKnownFileType = sourcecode.swift; path = RichTextLabelExampleApp.swift; sourceTree = "<group>"; };
		30B1F6A52B5B404F00ABFE13 /* ContentView.swift */ = {isa = PBXFileReference; lastKnownFileType = sourcecode.swift; path = ContentView.swift; sourceTree = "<group>"; };
		30B7DECB2B5B2F7A00515924 /* RichTextLabel */ = {isa = PBXFileReference; lastKnownFileType = wrapper; name = RichTextLabel; path = ..; sourceTree = "<group>"; };
		30CAF2D32B55F0AB00296DD4 /* RichTextLabelUIKit.app */ = {isa = PBXFileReference; explicitFileType = wrapper.application; includeInIndex = 0; path = RichTextLabelUIKit.app; sourceTree = BUILT_PRODUCTS_DIR; };
		30CAF2D62B55F0AB00296DD4 /* AppDelegate.swift */ = {isa = PBXFileReference; lastKnownFileType = sourcecode.swift; path = AppDelegate.swift; sourceTree = "<group>"; };
		30CAF2D82B55F0AB00296DD4 /* SceneDelegate.swift */ = {isa = PBXFileReference; lastKnownFileType = sourcecode.swift; path = SceneDelegate.swift; sourceTree = "<group>"; };
		30CAF2DA2B55F0AB00296DD4 /* ViewController.swift */ = {isa = PBXFileReference; lastKnownFileType = sourcecode.swift; path = ViewController.swift; sourceTree = "<group>"; };
		30CAF2E22B55F0AB00296DD4 /* Base */ = {isa = PBXFileReference; lastKnownFileType = file.storyboard; name = Base; path = Base.lproj/LaunchScreen.storyboard; sourceTree = "<group>"; };
		30CAF2E42B55F0AB00296DD4 /* Info.plist */ = {isa = PBXFileReference; lastKnownFileType = text.plist.xml; path = Info.plist; sourceTree = "<group>"; };
/* End PBXFileReference section */

/* Begin PBXFrameworksBuildPhase section */
		30B1F69E2B5B404F00ABFE13 /* Frameworks */ = {
			isa = PBXFrameworksBuildPhase;
			buildActionMask = 2147483647;
			files = (
				30B1F6B22B5B474D00ABFE13 /* RichTextLabel in Frameworks */,
			);
			runOnlyForDeploymentPostprocessing = 0;
		};
		30CAF2D02B55F0AB00296DD4 /* Frameworks */ = {
			isa = PBXFrameworksBuildPhase;
			buildActionMask = 2147483647;
			files = (
				30CBD1E22B5B304200F6729B /* RichTextLabel in Frameworks */,
			);
			runOnlyForDeploymentPostprocessing = 0;
		};
/* End PBXFrameworksBuildPhase section */

/* Begin PBXGroup section */
		308FC77E2B5A2C340001940C /* Extensions */ = {
			isa = PBXGroup;
			children = (
				308FC77F2B5A2C4A0001940C /* UIColor+Compatibility.swift */,
			);
			path = Extensions;
			sourceTree = "<group>";
		};
		30B1F6A22B5B404F00ABFE13 /* SwiftUI */ = {
			isa = PBXGroup;
			children = (
				30B1F6A32B5B404F00ABFE13 /* RichTextLabelExampleApp.swift */,
				30B1F6A52B5B404F00ABFE13 /* ContentView.swift */,
			);
			path = SwiftUI;
			sourceTree = "<group>";
		};
		30CAF2CA2B55F0AB00296DD4 = {
			isa = PBXGroup;
			children = (
				30B7DECB2B5B2F7A00515924 /* RichTextLabel */,
				30B1F6A22B5B404F00ABFE13 /* SwiftUI */,
				30CAF2D52B55F0AB00296DD4 /* UIKit */,
				30CAF2D42B55F0AB00296DD4 /* Products */,
			);
			sourceTree = "<group>";
		};
		30CAF2D42B55F0AB00296DD4 /* Products */ = {
			isa = PBXGroup;
			children = (
				30CAF2D32B55F0AB00296DD4 /* RichTextLabelUIKit.app */,
				30B1F6A12B5B404F00ABFE13 /* RichTextLabelExample.app */,
			);
			name = Products;
			sourceTree = "<group>";
		};
		30CAF2D52B55F0AB00296DD4 /* UIKit */ = {
			isa = PBXGroup;
			children = (
				308FC77E2B5A2C340001940C /* Extensions */,
				30CAF2D62B55F0AB00296DD4 /* AppDelegate.swift */,
				30CAF2D82B55F0AB00296DD4 /* SceneDelegate.swift */,
				30CAF2DA2B55F0AB00296DD4 /* ViewController.swift */,
				30CAF2E12B55F0AB00296DD4 /* LaunchScreen.storyboard */,
				30CAF2E42B55F0AB00296DD4 /* Info.plist */,
			);
			path = UIKit;
			sourceTree = "<group>";
		};
/* End PBXGroup section */

/* Begin PBXNativeTarget section */
		30B1F6A02B5B404F00ABFE13 /* RichTextLabelExample */ = {
			isa = PBXNativeTarget;
			buildConfigurationList = 30B1F6AC2B5B405000ABFE13 /* Build configuration list for PBXNativeTarget "RichTextLabelExample" */;
			buildPhases = (
				30B1F69D2B5B404F00ABFE13 /* Sources */,
				30B1F69E2B5B404F00ABFE13 /* Frameworks */,
				30B1F69F2B5B404F00ABFE13 /* Resources */,
			);
			buildRules = (
			);
			dependencies = (
			);
			name = RichTextLabelExample;
			packageProductDependencies = (
				30B1F6B12B5B474D00ABFE13 /* RichTextLabel */,
			);
			productName = RichTextLabelExample;
			productReference = 30B1F6A12B5B404F00ABFE13 /* RichTextLabelExample.app */;
			productType = "com.apple.product-type.application";
		};
		30CAF2D22B55F0AB00296DD4 /* RichTextLabelUIKit */ = {
			isa = PBXNativeTarget;
			buildConfigurationList = 30CAF2E72B55F0AB00296DD4 /* Build configuration list for PBXNativeTarget "RichTextLabelUIKit" */;
			buildPhases = (
				30CAF2CF2B55F0AB00296DD4 /* Sources */,
				30CAF2D02B55F0AB00296DD4 /* Frameworks */,
				30CAF2D12B55F0AB00296DD4 /* Resources */,
			);
			buildRules = (
			);
			dependencies = (
			);
			name = RichTextLabelUIKit;
			packageProductDependencies = (
				30CBD1E12B5B304200F6729B /* RichTextLabel */,
			);
			productName = RichTextLabel;
			productReference = 30CAF2D32B55F0AB00296DD4 /* RichTextLabelUIKit.app */;
			productType = "com.apple.product-type.application";
		};
/* End PBXNativeTarget section */

/* Begin PBXProject section */
		30CAF2CB2B55F0AB00296DD4 /* Project object */ = {
			isa = PBXProject;
			attributes = {
				BuildIndependentTargetsInParallel = 1;
				LastSwiftUpdateCheck = 1420;
				LastUpgradeCheck = 1420;
				TargetAttributes = {
					30B1F6A02B5B404F00ABFE13 = {
						CreatedOnToolsVersion = 14.2;
					};
					30CAF2D22B55F0AB00296DD4 = {
						CreatedOnToolsVersion = 14.2;
					};
				};
			};
			buildConfigurationList = 30CAF2CE2B55F0AB00296DD4 /* Build configuration list for PBXProject "RichTextLabelExample" */;
			compatibilityVersion = "Xcode 14.0";
			developmentRegion = en;
			hasScannedForEncodings = 0;
			knownRegions = (
				en,
				Base,
			);
			mainGroup = 30CAF2CA2B55F0AB00296DD4;
			packageReferences = (
			);
			productRefGroup = 30CAF2D42B55F0AB00296DD4 /* Products */;
			projectDirPath = "";
			projectRoot = "";
			targets = (
				30CAF2D22B55F0AB00296DD4 /* RichTextLabelUIKit */,
				30B1F6A02B5B404F00ABFE13 /* RichTextLabelExample */,
			);
		};
/* End PBXProject section */

/* Begin PBXResourcesBuildPhase section */
		30B1F69F2B5B404F00ABFE13 /* Resources */ = {
			isa = PBXResourcesBuildPhase;
			buildActionMask = 2147483647;
			files = (
			);
			runOnlyForDeploymentPostprocessing = 0;
		};
		30CAF2D12B55F0AB00296DD4 /* Resources */ = {
			isa = PBXResourcesBuildPhase;
			buildActionMask = 2147483647;
			files = (
				30CAF2E32B55F0AB00296DD4 /* LaunchScreen.storyboard in Resources */,
			);
			runOnlyForDeploymentPostprocessing = 0;
		};
/* End PBXResourcesBuildPhase section */

/* Begin PBXSourcesBuildPhase section */
		30B1F69D2B5B404F00ABFE13 /* Sources */ = {
			isa = PBXSourcesBuildPhase;
			buildActionMask = 2147483647;
			files = (
				30B1F6A62B5B404F00ABFE13 /* ContentView.swift in Sources */,
				30B1F6A42B5B404F00ABFE13 /* RichTextLabelExampleApp.swift in Sources */,
			);
			runOnlyForDeploymentPostprocessing = 0;
		};
		30CAF2CF2B55F0AB00296DD4 /* Sources */ = {
			isa = PBXSourcesBuildPhase;
			buildActionMask = 2147483647;
			files = (
				30CAF2D72B55F0AB00296DD4 /* AppDelegate.swift in Sources */,
				30CAF2D92B55F0AB00296DD4 /* SceneDelegate.swift in Sources */,
				308FC7802B5A2C4A0001940C /* UIColor+Compatibility.swift in Sources */,
				30CAF2DB2B55F0AB00296DD4 /* ViewController.swift in Sources */,
			);
			runOnlyForDeploymentPostprocessing = 0;
		};
/* End PBXSourcesBuildPhase section */

/* Begin PBXVariantGroup section */
		30CAF2E12B55F0AB00296DD4 /* LaunchScreen.storyboard */ = {
			isa = PBXVariantGroup;
			children = (
				30CAF2E22B55F0AB00296DD4 /* Base */,
			);
			name = LaunchScreen.storyboard;
			sourceTree = "<group>";
		};
/* End PBXVariantGroup section */

/* Begin XCBuildConfiguration section */
		30B1F6AD2B5B405000ABFE13 /* Debug */ = {
			isa = XCBuildConfiguration;
			buildSettings = {
				ASSETCATALOG_COMPILER_GLOBAL_ACCENT_COLOR_NAME = AccentColor;
				CODE_SIGN_STYLE = Automatic;
				CURRENT_PROJECT_VERSION = 1;
				DEVELOPMENT_TEAM = 96CGDK26W4;
				ENABLE_PREVIEWS = YES;
				GENERATE_INFOPLIST_FILE = YES;
				INFOPLIST_FILE = SwiftUI/Info.plist;
				INFOPLIST_KEY_UIApplicationSupportsIndirectInputEvents = YES;
				INFOPLIST_KEY_UILaunchScreen_Generation = YES;
				INFOPLIST_KEY_UISupportedInterfaceOrientations_iPad = "UIInterfaceOrientationPortrait UIInterfaceOrientationPortraitUpsideDown UIInterfaceOrientationLandscapeLeft UIInterfaceOrientationLandscapeRight";
				INFOPLIST_KEY_UISupportedInterfaceOrientations_iPhone = "UIInterfaceOrientationPortrait UIInterfaceOrientationLandscapeLeft UIInterfaceOrientationLandscapeRight";
				IPHONEOS_DEPLOYMENT_TARGET = 14.0;
				LD_RUNPATH_SEARCH_PATHS = (
					"$(inherited)",
					"@executable_path/Frameworks",
				);
				MARKETING_VERSION = 1.0;
				PRODUCT_BUNDLE_IDENTIFIER = man.ro.RichTextLabelExample;
				PRODUCT_NAME = "$(TARGET_NAME)";
				SWIFT_EMIT_LOC_STRINGS = YES;
				SWIFT_VERSION = 5.0;
				TARGETED_DEVICE_FAMILY = "1,2";
			};
			name = Debug;
		};
		30B1F6AE2B5B405000ABFE13 /* Release */ = {
			isa = XCBuildConfiguration;
			buildSettings = {
				ASSETCATALOG_COMPILER_GLOBAL_ACCENT_COLOR_NAME = AccentColor;
				CODE_SIGN_STYLE = Automatic;
				CURRENT_PROJECT_VERSION = 1;
				DEVELOPMENT_TEAM = 96CGDK26W4;
				ENABLE_PREVIEWS = YES;
				GENERATE_INFOPLIST_FILE = YES;
				INFOPLIST_FILE = SwiftUI/Info.plist;
				INFOPLIST_KEY_UIApplicationSupportsIndirectInputEvents = YES;
				INFOPLIST_KEY_UILaunchScreen_Generation = YES;
				INFOPLIST_KEY_UISupportedInterfaceOrientations_iPad = "UIInterfaceOrientationPortrait UIInterfaceOrientationPortraitUpsideDown UIInterfaceOrientationLandscapeLeft UIInterfaceOrientationLandscapeRight";
				INFOPLIST_KEY_UISupportedInterfaceOrientations_iPhone = "UIInterfaceOrientationPortrait UIInterfaceOrientationLandscapeLeft UIInterfaceOrientationLandscapeRight";
				IPHONEOS_DEPLOYMENT_TARGET = 14.0;
				LD_RUNPATH_SEARCH_PATHS = (
					"$(inherited)",
					"@executable_path/Frameworks",
				);
				MARKETING_VERSION = 1.0;
				PRODUCT_BUNDLE_IDENTIFIER = man.ro.RichTextLabelExample;
				PRODUCT_NAME = "$(TARGET_NAME)";
				SWIFT_EMIT_LOC_STRINGS = YES;
				SWIFT_VERSION = 5.0;
				TARGETED_DEVICE_FAMILY = "1,2";
			};
			name = Release;
		};
		30CAF2E52B55F0AB00296DD4 /* Debug */ = {
			isa = XCBuildConfiguration;
			buildSettings = {
				ALWAYS_SEARCH_USER_PATHS = NO;
				CLANG_ANALYZER_NONNULL = YES;
				CLANG_ANALYZER_NUMBER_OBJECT_CONVERSION = YES_AGGRESSIVE;
				CLANG_CXX_LANGUAGE_STANDARD = "gnu++20";
				CLANG_ENABLE_MODULES = YES;
				CLANG_ENABLE_OBJC_ARC = YES;
				CLANG_ENABLE_OBJC_WEAK = YES;
				CLANG_WARN_BLOCK_CAPTURE_AUTORELEASING = YES;
				CLANG_WARN_BOOL_CONVERSION = YES;
				CLANG_WARN_COMMA = YES;
				CLANG_WARN_CONSTANT_CONVERSION = YES;
				CLANG_WARN_DEPRECATED_OBJC_IMPLEMENTATIONS = YES;
				CLANG_WARN_DIRECT_OBJC_ISA_USAGE = YES_ERROR;
				CLANG_WARN_DOCUMENTATION_COMMENTS = YES;
				CLANG_WARN_EMPTY_BODY = YES;
				CLANG_WARN_ENUM_CONVERSION = YES;
				CLANG_WARN_INFINITE_RECURSION = YES;
				CLANG_WARN_INT_CONVERSION = YES;
				CLANG_WARN_NON_LITERAL_NULL_CONVERSION = YES;
				CLANG_WARN_OBJC_IMPLICIT_RETAIN_SELF = YES;
				CLANG_WARN_OBJC_LITERAL_CONVERSION = YES;
				CLANG_WARN_OBJC_ROOT_CLASS = YES_ERROR;
				CLANG_WARN_QUOTED_INCLUDE_IN_FRAMEWORK_HEADER = YES;
				CLANG_WARN_RANGE_LOOP_ANALYSIS = YES;
				CLANG_WARN_STRICT_PROTOTYPES = YES;
				CLANG_WARN_SUSPICIOUS_MOVE = YES;
				CLANG_WARN_UNGUARDED_AVAILABILITY = YES_AGGRESSIVE;
				CLANG_WARN_UNREACHABLE_CODE = YES;
				CLANG_WARN__DUPLICATE_METHOD_MATCH = YES;
				COPY_PHASE_STRIP = NO;
				DEBUG_INFORMATION_FORMAT = dwarf;
				ENABLE_STRICT_OBJC_MSGSEND = YES;
				ENABLE_TESTABILITY = YES;
				GCC_C_LANGUAGE_STANDARD = gnu11;
				GCC_DYNAMIC_NO_PIC = NO;
				GCC_NO_COMMON_BLOCKS = YES;
				GCC_OPTIMIZATION_LEVEL = 0;
				GCC_PREPROCESSOR_DEFINITIONS = (
					"DEBUG=1",
					"$(inherited)",
				);
				GCC_WARN_64_TO_32_BIT_CONVERSION = YES;
				GCC_WARN_ABOUT_RETURN_TYPE = YES_ERROR;
				GCC_WARN_UNDECLARED_SELECTOR = YES;
				GCC_WARN_UNINITIALIZED_AUTOS = YES_AGGRESSIVE;
				GCC_WARN_UNUSED_FUNCTION = YES;
				GCC_WARN_UNUSED_VARIABLE = YES;
				IPHONEOS_DEPLOYMENT_TARGET = 16.2;
				MTL_ENABLE_DEBUG_INFO = INCLUDE_SOURCE;
				MTL_FAST_MATH = YES;
				ONLY_ACTIVE_ARCH = YES;
				SDKROOT = iphoneos;
				SWIFT_ACTIVE_COMPILATION_CONDITIONS = DEBUG;
				SWIFT_OPTIMIZATION_LEVEL = "-Onone";
			};
			name = Debug;
		};
		30CAF2E62B55F0AB00296DD4 /* Release */ = {
			isa = XCBuildConfiguration;
			buildSettings = {
				ALWAYS_SEARCH_USER_PATHS = NO;
				CLANG_ANALYZER_NONNULL = YES;
				CLANG_ANALYZER_NUMBER_OBJECT_CONVERSION = YES_AGGRESSIVE;
				CLANG_CXX_LANGUAGE_STANDARD = "gnu++20";
				CLANG_ENABLE_MODULES = YES;
				CLANG_ENABLE_OBJC_ARC = YES;
				CLANG_ENABLE_OBJC_WEAK = YES;
				CLANG_WARN_BLOCK_CAPTURE_AUTORELEASING = YES;
				CLANG_WARN_BOOL_CONVERSION = YES;
				CLANG_WARN_COMMA = YES;
				CLANG_WARN_CONSTANT_CONVERSION = YES;
				CLANG_WARN_DEPRECATED_OBJC_IMPLEMENTATIONS = YES;
				CLANG_WARN_DIRECT_OBJC_ISA_USAGE = YES_ERROR;
				CLANG_WARN_DOCUMENTATION_COMMENTS = YES;
				CLANG_WARN_EMPTY_BODY = YES;
				CLANG_WARN_ENUM_CONVERSION = YES;
				CLANG_WARN_INFINITE_RECURSION = YES;
				CLANG_WARN_INT_CONVERSION = YES;
				CLANG_WARN_NON_LITERAL_NULL_CONVERSION = YES;
				CLANG_WARN_OBJC_IMPLICIT_RETAIN_SELF = YES;
				CLANG_WARN_OBJC_LITERAL_CONVERSION = YES;
				CLANG_WARN_OBJC_ROOT_CLASS = YES_ERROR;
				CLANG_WARN_QUOTED_INCLUDE_IN_FRAMEWORK_HEADER = YES;
				CLANG_WARN_RANGE_LOOP_ANALYSIS = YES;
				CLANG_WARN_STRICT_PROTOTYPES = YES;
				CLANG_WARN_SUSPICIOUS_MOVE = YES;
				CLANG_WARN_UNGUARDED_AVAILABILITY = YES_AGGRESSIVE;
				CLANG_WARN_UNREACHABLE_CODE = YES;
				CLANG_WARN__DUPLICATE_METHOD_MATCH = YES;
				COPY_PHASE_STRIP = NO;
				DEBUG_INFORMATION_FORMAT = "dwarf-with-dsym";
				ENABLE_NS_ASSERTIONS = NO;
				ENABLE_STRICT_OBJC_MSGSEND = YES;
				GCC_C_LANGUAGE_STANDARD = gnu11;
				GCC_NO_COMMON_BLOCKS = YES;
				GCC_WARN_64_TO_32_BIT_CONVERSION = YES;
				GCC_WARN_ABOUT_RETURN_TYPE = YES_ERROR;
				GCC_WARN_UNDECLARED_SELECTOR = YES;
				GCC_WARN_UNINITIALIZED_AUTOS = YES_AGGRESSIVE;
				GCC_WARN_UNUSED_FUNCTION = YES;
				GCC_WARN_UNUSED_VARIABLE = YES;
				IPHONEOS_DEPLOYMENT_TARGET = 16.2;
				MTL_ENABLE_DEBUG_INFO = NO;
				MTL_FAST_MATH = YES;
				SDKROOT = iphoneos;
				SWIFT_COMPILATION_MODE = wholemodule;
				SWIFT_OPTIMIZATION_LEVEL = "-O";
				VALIDATE_PRODUCT = YES;
			};
			name = Release;
		};
		30CAF2E82B55F0AB00296DD4 /* Debug */ = {
			isa = XCBuildConfiguration;
			buildSettings = {
				CODE_SIGN_STYLE = Automatic;
				CURRENT_PROJECT_VERSION = 1;
				DEVELOPMENT_TEAM = 96CGDK26W4;
				GENERATE_INFOPLIST_FILE = YES;
				INFOPLIST_FILE = UIKit/Info.plist;
				INFOPLIST_KEY_UIApplicationSupportsIndirectInputEvents = YES;
				INFOPLIST_KEY_UILaunchStoryboardName = LaunchScreen;
				INFOPLIST_KEY_UISupportedInterfaceOrientations_iPad = "UIInterfaceOrientationPortrait UIInterfaceOrientationPortraitUpsideDown UIInterfaceOrientationLandscapeLeft UIInterfaceOrientationLandscapeRight";
				INFOPLIST_KEY_UISupportedInterfaceOrientations_iPhone = "UIInterfaceOrientationPortrait UIInterfaceOrientationLandscapeLeft UIInterfaceOrientationLandscapeRight";
				IPHONEOS_DEPLOYMENT_TARGET = 12.0;
				LD_RUNPATH_SEARCH_PATHS = (
					"$(inherited)",
					"@executable_path/Frameworks",
				);
				MARKETING_VERSION = 1.0;
				PRODUCT_BUNDLE_IDENTIFIER = man.ro.RichTextLabelLegacy;
				PRODUCT_NAME = "$(TARGET_NAME)";
				SWIFT_EMIT_LOC_STRINGS = YES;
				SWIFT_VERSION = 5.0;
				TARGETED_DEVICE_FAMILY = "1,2";
			};
			name = Debug;
		};
		30CAF2E92B55F0AB00296DD4 /* Release */ = {
			isa = XCBuildConfiguration;
			buildSettings = {
				CODE_SIGN_STYLE = Automatic;
				CURRENT_PROJECT_VERSION = 1;
				DEVELOPMENT_TEAM = 96CGDK26W4;
				GENERATE_INFOPLIST_FILE = YES;
				INFOPLIST_FILE = UIKit/Info.plist;
				INFOPLIST_KEY_UIApplicationSupportsIndirectInputEvents = YES;
				INFOPLIST_KEY_UILaunchStoryboardName = LaunchScreen;
				INFOPLIST_KEY_UISupportedInterfaceOrientations_iPad = "UIInterfaceOrientationPortrait UIInterfaceOrientationPortraitUpsideDown UIInterfaceOrientationLandscapeLeft UIInterfaceOrientationLandscapeRight";
				INFOPLIST_KEY_UISupportedInterfaceOrientations_iPhone = "UIInterfaceOrientationPortrait UIInterfaceOrientationLandscapeLeft UIInterfaceOrientationLandscapeRight";
				IPHONEOS_DEPLOYMENT_TARGET = 12.0;
				LD_RUNPATH_SEARCH_PATHS = (
					"$(inherited)",
					"@executable_path/Frameworks",
				);
				MARKETING_VERSION = 1.0;
				PRODUCT_BUNDLE_IDENTIFIER = man.ro.RichTextLabelLegacy;
				PRODUCT_NAME = "$(TARGET_NAME)";
				SWIFT_EMIT_LOC_STRINGS = YES;
				SWIFT_VERSION = 5.0;
				TARGETED_DEVICE_FAMILY = "1,2";
			};
			name = Release;
		};
/* End XCBuildConfiguration section */

/* Begin XCConfigurationList section */
		30B1F6AC2B5B405000ABFE13 /* Build configuration list for PBXNativeTarget "RichTextLabelExample" */ = {
			isa = XCConfigurationList;
			buildConfigurations = (
				30B1F6AD2B5B405000ABFE13 /* Debug */,
				30B1F6AE2B5B405000ABFE13 /* Release */,
			);
			defaultConfigurationIsVisible = 0;
			defaultConfigurationName = Release;
		};
		30CAF2CE2B55F0AB00296DD4 /* Build configuration list for PBXProject "RichTextLabelExample" */ = {
			isa = XCConfigurationList;
			buildConfigurations = (
				30CAF2E52B55F0AB00296DD4 /* Debug */,
				30CAF2E62B55F0AB00296DD4 /* Release */,
			);
			defaultConfigurationIsVisible = 0;
			defaultConfigurationName = Release;
		};
		30CAF2E72B55F0AB00296DD4 /* Build configuration list for PBXNativeTarget "RichTextLabelUIKit" */ = {
			isa = XCConfigurationList;
			buildConfigurations = (
				30CAF2E82B55F0AB00296DD4 /* Debug */,
				30CAF2E92B55F0AB00296DD4 /* Release */,
			);
			defaultConfigurationIsVisible = 0;
			defaultConfigurationName = Release;
		};
/* End XCConfigurationList section */

/* Begin XCSwiftPackageProductDependency section */
		30B1F6B12B5B474D00ABFE13 /* RichTextLabel */ = {
			isa = XCSwiftPackageProductDependency;
			productName = RichTextLabel;
		};
		30CBD1E12B5B304200F6729B /* RichTextLabel */ = {
			isa = XCSwiftPackageProductDependency;
			productName = RichTextLabel;
		};
/* End XCSwiftPackageProductDependency section */
	};
	rootObject = 30CAF2CB2B55F0AB00296DD4 /* Project object */;
}
